
Microsoft Visual Studio Solution File, Format Version 11.00
# Visual Studio 2010
Project("{FAE04EC0-301F-11D3-BF4B-00C04F79EFBC}") = "TallerVertical2018-raul", "Assembly-CSharp.csproj", "{3C9228CC-380B-4564-9C80-EF6F2FFF3223}"
EndProject
Project("{FAE04EC0-301F-11D3-BF4B-00C04F79EFBC}") = "TallerVertical2018-raul", "Assembly-CSharp-firstpass.csproj", "{80886562-B0F5-4425-2163-91F6810B8AEF}"
EndProject
Project("{FAE04EC0-301F-11D3-BF4B-00C04F79EFBC}") = "TallerVertical2018-raul", "Assembly-CSharp-Editor-firstpass.csproj", "{CAB58CDB-F6BA-202C-3CB3-91BB42942839}"
EndProject
Project("{FAE04EC0-301F-11D3-BF4B-00C04F79EFBC}") = "TallerVertical2018-raul", "Assembly-CSharp-Editor.csproj", "{EF2AF0C4-26C3-97EB-59F3-BC0CE56EC483}"
EndProject
Global
	GlobalSection(SolutionConfigurationPlatforms) = preSolution
		Debug|Any CPU = Debug|Any CPU
		Release|Any CPU = Release|Any CPU
	EndGlobalSection
	GlobalSection(ProjectConfigurationPlatforms) = postSolution
		{3C9228CC-380B-4564-9C80-EF6F2FFF3223}.Debug|Any CPU.ActiveCfg = Debug|Any CPU
		{3C9228CC-380B-4564-9C80-EF6F2FFF3223}.Debug|Any CPU.Build.0 = Debug|Any CPU
		{3C9228CC-380B-4564-9C80-EF6F2FFF3223}.Release|Any CPU.ActiveCfg = Release|Any CPU
		{3C9228CC-380B-4564-9C80-EF6F2FFF3223}.Release|Any CPU.Build.0 = Release|Any CPU
		{80886562-B0F5-4425-2163-91F6810B8AEF}.Debug|Any CPU.ActiveCfg = Debug|Any CPU
		{80886562-B0F5-4425-2163-91F6810B8AEF}.Debug|Any CPU.Build.0 = Debug|Any CPU
		{80886562-B0F5-4425-2163-91F6810B8AEF}.Release|Any CPU.ActiveCfg = Release|Any CPU
		{80886562-B0F5-4425-2163-91F6810B8AEF}.Release|Any CPU.Build.0 = Release|Any CPU
		{CAB58CDB-F6BA-202C-3CB3-91BB42942839}.Debug|Any CPU.ActiveCfg = Debug|Any CPU
		{CAB58CDB-F6BA-202C-3CB3-91BB42942839}.Debug|Any CPU.Build.0 = Debug|Any CPU
		{CAB58CDB-F6BA-202C-3CB3-91BB42942839}.Release|Any CPU.ActiveCfg = Release|Any CPU
		{CAB58CDB-F6BA-202C-3CB3-91BB42942839}.Release|Any CPU.Build.0 = Release|Any CPU
		{EF2AF0C4-26C3-97EB-59F3-BC0CE56EC483}.Debug|Any CPU.ActiveCfg = Debug|Any CPU
		{EF2AF0C4-26C3-97EB-59F3-BC0CE56EC483}.Debug|Any CPU.Build.0 = Debug|Any CPU
		{EF2AF0C4-26C3-97EB-59F3-BC0CE56EC483}.Release|Any CPU.ActiveCfg = Release|Any CPU
		{EF2AF0C4-26C3-97EB-59F3-BC0CE56EC483}.Release|Any CPU.Build.0 = Release|Any CPU
	EndGlobalSection
	GlobalSection(SolutionProperties) = preSolution
		HideSolutionNode = FALSE
	EndGlobalSection
	GlobalSection(MonoDevelopProperties) = preSolution
		StartupItem = Assembly-CSharp.csproj
	EndGlobalSection
EndGlobal
