
Microsoft Visual Studio Solution File, Format Version 12.00
# Visual Studio 2017
Project("{FAE04EC0-301F-11D3-BF4B-00C04F79EFBC}") = "TallerVerticalTeam18", "TallerVerticalTeam18.csproj", "{16D7F850-3764-F47E-2282-6BFD2AB0E9A0}"
EndProject
Project("{FAE04EC0-301F-11D3-BF4B-00C04F79EFBC}") = "TallerVerticalTeam18.Plugins", "TallerVerticalTeam18.Plugins.csproj", "{0BAD77FE-EB45-573E-FF24-C42E98C27852}"
EndProject
Project("{FAE04EC0-301F-11D3-BF4B-00C04F79EFBC}") = "TallerVerticalTeam18.Editor.Plugins", "TallerVerticalTeam18.Editor.Plugins.csproj", "{E392C001-2F20-91CE-4CA8-0CF2D95CFE3B}"
EndProject
Project("{FAE04EC0-301F-11D3-BF4B-00C04F79EFBC}") = "TallerVerticalTeam18.Editor", "TallerVerticalTeam18.Editor.csproj", "{DE17AC78-FB22-E810-C192-55A991ED12D2}"
EndProject
Global
	GlobalSection(SolutionConfigurationPlatforms) = preSolution
		Debug|Any CPU = Debug|Any CPU
		Release|Any CPU = Release|Any CPU
	EndGlobalSection
	GlobalSection(ProjectConfigurationPlatforms) = postSolution
		{16D7F850-3764-F47E-2282-6BFD2AB0E9A0}.Debug|Any CPU.ActiveCfg = Debug|Any CPU
		{16D7F850-3764-F47E-2282-6BFD2AB0E9A0}.Debug|Any CPU.Build.0 = Debug|Any CPU
		{16D7F850-3764-F47E-2282-6BFD2AB0E9A0}.Release|Any CPU.ActiveCfg = Release|Any CPU
		{16D7F850-3764-F47E-2282-6BFD2AB0E9A0}.Release|Any CPU.Build.0 = Release|Any CPU
		{0BAD77FE-EB45-573E-FF24-C42E98C27852}.Debug|Any CPU.ActiveCfg = Debug|Any CPU
		{0BAD77FE-EB45-573E-FF24-C42E98C27852}.Debug|Any CPU.Build.0 = Debug|Any CPU
		{0BAD77FE-EB45-573E-FF24-C42E98C27852}.Release|Any CPU.ActiveCfg = Release|Any CPU
		{0BAD77FE-EB45-573E-FF24-C42E98C27852}.Release|Any CPU.Build.0 = Release|Any CPU
		{E392C001-2F20-91CE-4CA8-0CF2D95CFE3B}.Debug|Any CPU.ActiveCfg = Debug|Any CPU
		{E392C001-2F20-91CE-4CA8-0CF2D95CFE3B}.Debug|Any CPU.Build.0 = Debug|Any CPU
		{E392C001-2F20-91CE-4CA8-0CF2D95CFE3B}.Release|Any CPU.ActiveCfg = Release|Any CPU
		{E392C001-2F20-91CE-4CA8-0CF2D95CFE3B}.Release|Any CPU.Build.0 = Release|Any CPU
		{DE17AC78-FB22-E810-C192-55A991ED12D2}.Debug|Any CPU.ActiveCfg = Debug|Any CPU
		{DE17AC78-FB22-E810-C192-55A991ED12D2}.Debug|Any CPU.Build.0 = Debug|Any CPU
		{DE17AC78-FB22-E810-C192-55A991ED12D2}.Release|Any CPU.ActiveCfg = Release|Any CPU
		{DE17AC78-FB22-E810-C192-55A991ED12D2}.Release|Any CPU.Build.0 = Release|Any CPU
	EndGlobalSection
	GlobalSection(SolutionProperties) = preSolution
		HideSolutionNode = FALSE
	EndGlobalSection
EndGlobal
